{
  "nodes": {
    "nixpkgs": {
      "locked": {
        "lastModified": 1725578633,
        "narHash": "sha256-y5+nkjmOXbLXBMZNqpR4WXbxBcG7ZpM09H6GCsoQcnk=",
        "owner": "NixOS",
        "repo": "nixpkgs",
        "rev": "f1f436e5580d3f7173aaf567c104a2e313f117fb",
        "type": "github"
      },
      "original": {
        "owner": "NixOS",
        "repo": "nixpkgs",
        "type": "github"
      }
    },
    "root": {
      "inputs": {
        "nixpkgs": "nixpkgs"
      }
    }
  },
  "root": "root",
  "version": 7
}
